
Microsoft Visual Studio Solution File, Format Version 12.00
# Visual Studio Version 17
VisualStudioVersion = 17.11.35303.130
MinimumVisualStudioVersion = 10.0.40219.1
Project("{FAE04EC0-301F-11D3-BF4B-00C04F79EFBC}") = "OperatorPractice", "OperatorPractice.csproj", "{DED00952-FA05-4C36-9631-781D9A39C732}"
EndProject
Global
	GlobalSection(SolutionConfigurationPlatforms) = preSolution
		Debug|Any CPU = Debug|Any CPU
		Release|Any CPU = Release|Any CPU
	EndGlobalSection
	GlobalSection(ProjectConfigurationPlatforms) = postSolution
		{DED00952-FA05-4C36-9631-781D9A39C732}.Debug|Any CPU.ActiveCfg = Debug|Any CPU
		{DED00952-FA05-4C36-9631-781D9A39C732}.Debug|Any CPU.Build.0 = Debug|Any CPU
		{DED00952-FA05-4C36-9631-781D9A39C732}.Release|Any CPU.ActiveCfg = Release|Any CPU
		{DED00952-FA05-4C36-9631-781D9A39C732}.Release|Any CPU.Build.0 = Release|Any CPU
	EndGlobalSection
	GlobalSection(SolutionProperties) = preSolution
		HideSolutionNode = FALSE
	EndGlobalSection
	GlobalSection(ExtensibilityGlobals) = postSolution
		SolutionGuid = {9304A712-1D40-4221-8643-2D3C006B3085}
	EndGlobalSection
EndGlobal
